
Microsoft Visual Studio Solution File, Format Version 12.00
# Visual Studio 2012
Project("{FAE04EC0-301F-11D3-BF4B-00C04F79EFBC}") = "RapGeekBlog.WebService", "RapGeekBlog.WebService.csproj", "{837F3085-DBD6-48FC-9241-39B0A7913577}"
EndProject
Project("{FAE04EC0-301F-11D3-BF4B-00C04F79EFBC}") = "RapGeekBlog.UI", "RapGeekBlog.UI\RapGeekBlog.UI.csproj", "{0CF39FB7-3EAA-47F4-82C3-B523DBA80F56}"
EndProject
Global
	GlobalSection(SolutionConfigurationPlatforms) = preSolution
		Debug|Any CPU = Debug|Any CPU
		Release|Any CPU = Release|Any CPU
	EndGlobalSection
	GlobalSection(ProjectConfigurationPlatforms) = postSolution
		{837F3085-DBD6-48FC-9241-39B0A7913577}.Debug|Any CPU.ActiveCfg = Debug|Any CPU
		{837F3085-DBD6-48FC-9241-39B0A7913577}.Debug|Any CPU.Build.0 = Debug|Any CPU
		{837F3085-DBD6-48FC-9241-39B0A7913577}.Release|Any CPU.ActiveCfg = Release|Any CPU
		{837F3085-DBD6-48FC-9241-39B0A7913577}.Release|Any CPU.Build.0 = Release|Any CPU
		{0CF39FB7-3EAA-47F4-82C3-B523DBA80F56}.Debug|Any CPU.ActiveCfg = Debug|Any CPU
		{0CF39FB7-3EAA-47F4-82C3-B523DBA80F56}.Debug|Any CPU.Build.0 = Debug|Any CPU
		{0CF39FB7-3EAA-47F4-82C3-B523DBA80F56}.Release|Any CPU.ActiveCfg = Release|Any CPU
		{0CF39FB7-3EAA-47F4-82C3-B523DBA80F56}.Release|Any CPU.Build.0 = Release|Any CPU
	EndGlobalSection
EndGlobal
